
Microsoft Visual Studio Solution File, Format Version 12.00
# Visual Studio Version 17
VisualStudioVersion = 17.13.35825.156
MinimumVisualStudioVersion = 10.0.40219.1
Project("{2150E333-8FDC-42A3-9474-1A3956D46DE8}") = "BuildingBlocks", "BuildingBlocks", "{02EA681E-C7D8-13C7-8484-4AC65E1B71E8}"
EndProject
Project("{2150E333-8FDC-42A3-9474-1A3956D46DE8}") = "Common", "Common", "{18018145-7CC9-458F-9CED-A99DC1F40724}"
EndProject
Project("{2150E333-8FDC-42A3-9474-1A3956D46DE8}") = "Contracts", "Contracts", "{BBE28BAA-3A7F-4374-943E-86DD0064C35D}"
EndProject
Project("{2150E333-8FDC-42A3-9474-1A3956D46DE8}") = "Services", "Services", "{311FF63A-105A-440A-B8A0-DB1923980BA9}"
EndProject
Project("{2150E333-8FDC-42A3-9474-1A3956D46DE8}") = "Flight", "Flight", "{D1325941-3B1E-488C-910B-EC3FE0A0A1B0}"
EndProject
Project("{2150E333-8FDC-42A3-9474-1A3956D46DE8}") = "Booking", "Booking", "{A65EBA3F-97AF-46DF-9A0D-807F20BF38C5}"
EndProject
Project("{2150E333-8FDC-42A3-9474-1A3956D46DE8}") = "Payment", "Payment", "{68DC5926-370F-48B2-8081-A5B0D154BEE6}"
EndProject
Project("{2150E333-8FDC-42A3-9474-1A3956D46DE8}") = "Notification", "Notification", "{CE5AB553-A75C-4715-8047-73DD52B115E8}"
EndProject
Project("{FAE04EC0-301F-11D3-BF4B-00C04F79EFBC}") = "AirlineBookingSystem.Booking.API", "AirlineBookingSystem.Booking.API\AirlineBookingSystem.Booking.API.csproj", "{49BEC96A-4C40-482F-BA80-657E96E2EDEC}"
EndProject
Project("{FAE04EC0-301F-11D3-BF4B-00C04F79EFBC}") = "AirlineBookingSystem.Booking.Application", "AirlineBookingSystem.Booking.ApplicationLayer\AirlineBookingSystem.Booking.Application.csproj", "{E517F74B-96C0-48B0-B011-50931934D2DD}"
EndProject
Project("{FAE04EC0-301F-11D3-BF4B-00C04F79EFBC}") = "AirlineBookingSystem.Booking.Domain", "AirlineBookingSystem.Booking.Domain\AirlineBookingSystem.Booking.Domain.csproj", "{18E3DA1F-627F-426D-B8F3-3549FA8C7916}"
EndProject
Project("{FAE04EC0-301F-11D3-BF4B-00C04F79EFBC}") = "AirlineBookingSystem.Booking.InfraStructure", "AirlineBookingSystem.Booking.Infrastructure\AirlineBookingSystem.Booking.InfraStructure.csproj", "{BC50FC47-4AF8-429A-B372-F07CE9E094A6}"
EndProject
Project("{FAE04EC0-301F-11D3-BF4B-00C04F79EFBC}") = "AirlineBookingSystem.Flight.API", "AirlineBookingSystem.Flight.API\AirlineBookingSystem.Flight.API.csproj", "{BF40426B-A20C-4BAF-86AE-6E4F0F7B0A92}"
EndProject
Project("{FAE04EC0-301F-11D3-BF4B-00C04F79EFBC}") = "AirlineBookingSystem.Flight.Domain", "AirlineBookingSystem.Flight.Domain\AirlineBookingSystem.Flight.Domain.csproj", "{8BADC2C1-EE97-46E8-A42A-A4BCE4E57A3D}"
EndProject
Project("{FAE04EC0-301F-11D3-BF4B-00C04F79EFBC}") = "AirlineBookingSystem.Flight.Application", "AirlineBookingSystem.Flight.Application\AirlineBookingSystem.Flight.Application.csproj", "{CE9EE09E-FB14-41D9-96A4-CD7F94D312A3}"
EndProject
Project("{FAE04EC0-301F-11D3-BF4B-00C04F79EFBC}") = "AirlineBookingSystem.Flight.InfraStructure", "AirlineBookingSystem.Flight.InfraStructure\AirlineBookingSystem.Flight.InfraStructure.csproj", "{B36FBCA9-F21F-4D00-B39E-DD9EDF6A5A75}"
EndProject
Project("{FAE04EC0-301F-11D3-BF4B-00C04F79EFBC}") = "AirlineBookingSystem.Notification.API", "AirlineBookingSystem.Notification.API\AirlineBookingSystem.Notification.API.csproj", "{050DEADD-4AA5-43AD-984E-95E74014298D}"
EndProject
Project("{FAE04EC0-301F-11D3-BF4B-00C04F79EFBC}") = "AirlineBookingSystem.Notification.Domain", "AirlineBookingSystem.Notification.Domain\AirlineBookingSystem.Notification.Domain.csproj", "{47D6CF82-D303-4E54-B6B2-E17A91DD0D6E}"
EndProject
Project("{FAE04EC0-301F-11D3-BF4B-00C04F79EFBC}") = "AirlineBookingSystem.Notification.InfraStructure", "AirlineBookingSystem.Notification.InfraStructure\AirlineBookingSystem.Notification.InfraStructure.csproj", "{B7B68E9D-F7F0-4978-8C9A-5ABDDC02C5FD}"
EndProject
Project("{FAE04EC0-301F-11D3-BF4B-00C04F79EFBC}") = "AirlineBookingSystem.Notification.Application", "AirlineBookingSystem.Notification.Application\AirlineBookingSystem.Notification.Application.csproj", "{BE8EFB93-695A-423C-B08D-322643DD257D}"
EndProject
Project("{FAE04EC0-301F-11D3-BF4B-00C04F79EFBC}") = "AirlineBookingSystem.Payment.API", "AirlineBookingSystem.Payment.API\AirlineBookingSystem.Payment.API.csproj", "{9B5CA142-44F4-484C-BE76-6CE0BBE1D612}"
EndProject
Project("{FAE04EC0-301F-11D3-BF4B-00C04F79EFBC}") = "AirlineBookingSystem.Payment.Domain", "AirlineBookingSystem.Payment.Domain\AirlineBookingSystem.Payment.Domain.csproj", "{9666DC1E-C585-4650-8670-1A26939F22A3}"
EndProject
Project("{FAE04EC0-301F-11D3-BF4B-00C04F79EFBC}") = "AirlineBookingSystem.Payment.Application", "AirlineBookingSystem.Payment.Application\AirlineBookingSystem.Payment.Application.csproj", "{CA315A0F-C650-41EE-9C02-071F91BF1A5A}"
EndProject
Project("{FAE04EC0-301F-11D3-BF4B-00C04F79EFBC}") = "AirlineBookingSystem.Payment.InfraStructure", "AirlineBookingSystem.Payment.InfraStructure\AirlineBookingSystem.Payment.InfraStructure.csproj", "{577CCC4C-8D68-459E-89E7-D6BA2E2344D1}"
EndProject
Global
	GlobalSection(SolutionConfigurationPlatforms) = preSolution
		Debug|Any CPU = Debug|Any CPU
		Release|Any CPU = Release|Any CPU
	EndGlobalSection
	GlobalSection(ProjectConfigurationPlatforms) = postSolution
		{49BEC96A-4C40-482F-BA80-657E96E2EDEC}.Debug|Any CPU.ActiveCfg = Debug|Any CPU
		{49BEC96A-4C40-482F-BA80-657E96E2EDEC}.Debug|Any CPU.Build.0 = Debug|Any CPU
		{49BEC96A-4C40-482F-BA80-657E96E2EDEC}.Release|Any CPU.ActiveCfg = Release|Any CPU
		{49BEC96A-4C40-482F-BA80-657E96E2EDEC}.Release|Any CPU.Build.0 = Release|Any CPU
		{E517F74B-96C0-48B0-B011-50931934D2DD}.Debug|Any CPU.ActiveCfg = Debug|Any CPU
		{E517F74B-96C0-48B0-B011-50931934D2DD}.Debug|Any CPU.Build.0 = Debug|Any CPU
		{E517F74B-96C0-48B0-B011-50931934D2DD}.Release|Any CPU.ActiveCfg = Release|Any CPU
		{E517F74B-96C0-48B0-B011-50931934D2DD}.Release|Any CPU.Build.0 = Release|Any CPU
		{18E3DA1F-627F-426D-B8F3-3549FA8C7916}.Debug|Any CPU.ActiveCfg = Debug|Any CPU
		{18E3DA1F-627F-426D-B8F3-3549FA8C7916}.Debug|Any CPU.Build.0 = Debug|Any CPU
		{18E3DA1F-627F-426D-B8F3-3549FA8C7916}.Release|Any CPU.ActiveCfg = Release|Any CPU
		{18E3DA1F-627F-426D-B8F3-3549FA8C7916}.Release|Any CPU.Build.0 = Release|Any CPU
		{BC50FC47-4AF8-429A-B372-F07CE9E094A6}.Debug|Any CPU.ActiveCfg = Debug|Any CPU
		{BC50FC47-4AF8-429A-B372-F07CE9E094A6}.Debug|Any CPU.Build.0 = Debug|Any CPU
		{BC50FC47-4AF8-429A-B372-F07CE9E094A6}.Release|Any CPU.ActiveCfg = Release|Any CPU
		{BC50FC47-4AF8-429A-B372-F07CE9E094A6}.Release|Any CPU.Build.0 = Release|Any CPU
		{BF40426B-A20C-4BAF-86AE-6E4F0F7B0A92}.Debug|Any CPU.ActiveCfg = Debug|Any CPU
		{BF40426B-A20C-4BAF-86AE-6E4F0F7B0A92}.Debug|Any CPU.Build.0 = Debug|Any CPU
		{BF40426B-A20C-4BAF-86AE-6E4F0F7B0A92}.Release|Any CPU.ActiveCfg = Release|Any CPU
		{BF40426B-A20C-4BAF-86AE-6E4F0F7B0A92}.Release|Any CPU.Build.0 = Release|Any CPU
		{8BADC2C1-EE97-46E8-A42A-A4BCE4E57A3D}.Debug|Any CPU.ActiveCfg = Debug|Any CPU
		{8BADC2C1-EE97-46E8-A42A-A4BCE4E57A3D}.Debug|Any CPU.Build.0 = Debug|Any CPU
		{8BADC2C1-EE97-46E8-A42A-A4BCE4E57A3D}.Release|Any CPU.ActiveCfg = Release|Any CPU
		{8BADC2C1-EE97-46E8-A42A-A4BCE4E57A3D}.Release|Any CPU.Build.0 = Release|Any CPU
		{CE9EE09E-FB14-41D9-96A4-CD7F94D312A3}.Debug|Any CPU.ActiveCfg = Debug|Any CPU
		{CE9EE09E-FB14-41D9-96A4-CD7F94D312A3}.Debug|Any CPU.Build.0 = Debug|Any CPU
		{CE9EE09E-FB14-41D9-96A4-CD7F94D312A3}.Release|Any CPU.ActiveCfg = Release|Any CPU
		{CE9EE09E-FB14-41D9-96A4-CD7F94D312A3}.Release|Any CPU.Build.0 = Release|Any CPU
		{B36FBCA9-F21F-4D00-B39E-DD9EDF6A5A75}.Debug|Any CPU.ActiveCfg = Debug|Any CPU
		{B36FBCA9-F21F-4D00-B39E-DD9EDF6A5A75}.Debug|Any CPU.Build.0 = Debug|Any CPU
		{B36FBCA9-F21F-4D00-B39E-DD9EDF6A5A75}.Release|Any CPU.ActiveCfg = Release|Any CPU
		{B36FBCA9-F21F-4D00-B39E-DD9EDF6A5A75}.Release|Any CPU.Build.0 = Release|Any CPU
		{050DEADD-4AA5-43AD-984E-95E74014298D}.Debug|Any CPU.ActiveCfg = Debug|Any CPU
		{050DEADD-4AA5-43AD-984E-95E74014298D}.Debug|Any CPU.Build.0 = Debug|Any CPU
		{050DEADD-4AA5-43AD-984E-95E74014298D}.Release|Any CPU.ActiveCfg = Release|Any CPU
		{050DEADD-4AA5-43AD-984E-95E74014298D}.Release|Any CPU.Build.0 = Release|Any CPU
		{47D6CF82-D303-4E54-B6B2-E17A91DD0D6E}.Debug|Any CPU.ActiveCfg = Debug|Any CPU
		{47D6CF82-D303-4E54-B6B2-E17A91DD0D6E}.Debug|Any CPU.Build.0 = Debug|Any CPU
		{47D6CF82-D303-4E54-B6B2-E17A91DD0D6E}.Release|Any CPU.ActiveCfg = Release|Any CPU
		{47D6CF82-D303-4E54-B6B2-E17A91DD0D6E}.Release|Any CPU.Build.0 = Release|Any CPU
		{B7B68E9D-F7F0-4978-8C9A-5ABDDC02C5FD}.Debug|Any CPU.ActiveCfg = Debug|Any CPU
		{B7B68E9D-F7F0-4978-8C9A-5ABDDC02C5FD}.Debug|Any CPU.Build.0 = Debug|Any CPU
		{B7B68E9D-F7F0-4978-8C9A-5ABDDC02C5FD}.Release|Any CPU.ActiveCfg = Release|Any CPU
		{B7B68E9D-F7F0-4978-8C9A-5ABDDC02C5FD}.Release|Any CPU.Build.0 = Release|Any CPU
		{BE8EFB93-695A-423C-B08D-322643DD257D}.Debug|Any CPU.ActiveCfg = Debug|Any CPU
		{BE8EFB93-695A-423C-B08D-322643DD257D}.Debug|Any CPU.Build.0 = Debug|Any CPU
		{BE8EFB93-695A-423C-B08D-322643DD257D}.Release|Any CPU.ActiveCfg = Release|Any CPU
		{BE8EFB93-695A-423C-B08D-322643DD257D}.Release|Any CPU.Build.0 = Release|Any CPU
		{9B5CA142-44F4-484C-BE76-6CE0BBE1D612}.Debug|Any CPU.ActiveCfg = Debug|Any CPU
		{9B5CA142-44F4-484C-BE76-6CE0BBE1D612}.Debug|Any CPU.Build.0 = Debug|Any CPU
		{9B5CA142-44F4-484C-BE76-6CE0BBE1D612}.Release|Any CPU.ActiveCfg = Release|Any CPU
		{9B5CA142-44F4-484C-BE76-6CE0BBE1D612}.Release|Any CPU.Build.0 = Release|Any CPU
		{9666DC1E-C585-4650-8670-1A26939F22A3}.Debug|Any CPU.ActiveCfg = Debug|Any CPU
		{9666DC1E-C585-4650-8670-1A26939F22A3}.Debug|Any CPU.Build.0 = Debug|Any CPU
		{9666DC1E-C585-4650-8670-1A26939F22A3}.Release|Any CPU.ActiveCfg = Release|Any CPU
		{9666DC1E-C585-4650-8670-1A26939F22A3}.Release|Any CPU.Build.0 = Release|Any CPU
		{CA315A0F-C650-41EE-9C02-071F91BF1A5A}.Debug|Any CPU.ActiveCfg = Debug|Any CPU
		{CA315A0F-C650-41EE-9C02-071F91BF1A5A}.Debug|Any CPU.Build.0 = Debug|Any CPU
		{CA315A0F-C650-41EE-9C02-071F91BF1A5A}.Release|Any CPU.ActiveCfg = Release|Any CPU
		{CA315A0F-C650-41EE-9C02-071F91BF1A5A}.Release|Any CPU.Build.0 = Release|Any CPU
		{577CCC4C-8D68-459E-89E7-D6BA2E2344D1}.Debug|Any CPU.ActiveCfg = Debug|Any CPU
		{577CCC4C-8D68-459E-89E7-D6BA2E2344D1}.Debug|Any CPU.Build.0 = Debug|Any CPU
		{577CCC4C-8D68-459E-89E7-D6BA2E2344D1}.Release|Any CPU.ActiveCfg = Release|Any CPU
		{577CCC4C-8D68-459E-89E7-D6BA2E2344D1}.Release|Any CPU.Build.0 = Release|Any CPU
	EndGlobalSection
	GlobalSection(SolutionProperties) = preSolution
		HideSolutionNode = FALSE
	EndGlobalSection
	GlobalSection(NestedProjects) = preSolution
		{18018145-7CC9-458F-9CED-A99DC1F40724} = {02EA681E-C7D8-13C7-8484-4AC65E1B71E8}
		{BBE28BAA-3A7F-4374-943E-86DD0064C35D} = {02EA681E-C7D8-13C7-8484-4AC65E1B71E8}
		{D1325941-3B1E-488C-910B-EC3FE0A0A1B0} = {311FF63A-105A-440A-B8A0-DB1923980BA9}
		{A65EBA3F-97AF-46DF-9A0D-807F20BF38C5} = {311FF63A-105A-440A-B8A0-DB1923980BA9}
		{68DC5926-370F-48B2-8081-A5B0D154BEE6} = {311FF63A-105A-440A-B8A0-DB1923980BA9}
		{CE5AB553-A75C-4715-8047-73DD52B115E8} = {311FF63A-105A-440A-B8A0-DB1923980BA9}
		{49BEC96A-4C40-482F-BA80-657E96E2EDEC} = {A65EBA3F-97AF-46DF-9A0D-807F20BF38C5}
		{E517F74B-96C0-48B0-B011-50931934D2DD} = {A65EBA3F-97AF-46DF-9A0D-807F20BF38C5}
		{18E3DA1F-627F-426D-B8F3-3549FA8C7916} = {A65EBA3F-97AF-46DF-9A0D-807F20BF38C5}
		{BC50FC47-4AF8-429A-B372-F07CE9E094A6} = {A65EBA3F-97AF-46DF-9A0D-807F20BF38C5}
		{BF40426B-A20C-4BAF-86AE-6E4F0F7B0A92} = {D1325941-3B1E-488C-910B-EC3FE0A0A1B0}
		{8BADC2C1-EE97-46E8-A42A-A4BCE4E57A3D} = {D1325941-3B1E-488C-910B-EC3FE0A0A1B0}
		{CE9EE09E-FB14-41D9-96A4-CD7F94D312A3} = {D1325941-3B1E-488C-910B-EC3FE0A0A1B0}
		{B36FBCA9-F21F-4D00-B39E-DD9EDF6A5A75} = {D1325941-3B1E-488C-910B-EC3FE0A0A1B0}
		{050DEADD-4AA5-43AD-984E-95E74014298D} = {CE5AB553-A75C-4715-8047-73DD52B115E8}
		{47D6CF82-D303-4E54-B6B2-E17A91DD0D6E} = {CE5AB553-A75C-4715-8047-73DD52B115E8}
		{B7B68E9D-F7F0-4978-8C9A-5ABDDC02C5FD} = {CE5AB553-A75C-4715-8047-73DD52B115E8}
		{BE8EFB93-695A-423C-B08D-322643DD257D} = {CE5AB553-A75C-4715-8047-73DD52B115E8}
		{9B5CA142-44F4-484C-BE76-6CE0BBE1D612} = {68DC5926-370F-48B2-8081-A5B0D154BEE6}
		{9666DC1E-C585-4650-8670-1A26939F22A3} = {68DC5926-370F-48B2-8081-A5B0D154BEE6}
		{CA315A0F-C650-41EE-9C02-071F91BF1A5A} = {68DC5926-370F-48B2-8081-A5B0D154BEE6}
		{577CCC4C-8D68-459E-89E7-D6BA2E2344D1} = {68DC5926-370F-48B2-8081-A5B0D154BEE6}
	EndGlobalSection
	GlobalSection(ExtensibilityGlobals) = postSolution
		SolutionGuid = {92B403B9-39CE-439E-9F56-5ADB47BB2674}
	EndGlobalSection
EndGlobal
