
Microsoft Visual Studio Solution File, Format Version 12.00
# Visual Studio Version 17
VisualStudioVersion = 17.13.35825.156 d17.13
MinimumVisualStudioVersion = 10.0.40219.1
Project("{2150E333-8FDC-42A3-9474-1A3956D46DE8}") = "BuildingBlocks", "BuildingBlocks", "{02EA681E-C7D8-13C7-8484-4AC65E1B71E8}"
EndProject
Project("{2150E333-8FDC-42A3-9474-1A3956D46DE8}") = "Common", "Common", "{18018145-7CC9-458F-9CED-A99DC1F40724}"
EndProject
Project("{2150E333-8FDC-42A3-9474-1A3956D46DE8}") = "Contracts", "Contracts", "{BBE28BAA-3A7F-4374-943E-86DD0064C35D}"
EndProject
Project("{2150E333-8FDC-42A3-9474-1A3956D46DE8}") = "Services", "Services", "{311FF63A-105A-440A-B8A0-DB1923980BA9}"
EndProject
Project("{2150E333-8FDC-42A3-9474-1A3956D46DE8}") = "Flight", "Flight", "{D1325941-3B1E-488C-910B-EC3FE0A0A1B0}"
EndProject
Project("{2150E333-8FDC-42A3-9474-1A3956D46DE8}") = "Booking", "Booking", "{A65EBA3F-97AF-46DF-9A0D-807F20BF38C5}"
EndProject
Project("{2150E333-8FDC-42A3-9474-1A3956D46DE8}") = "Payment", "Payment", "{68DC5926-370F-48B2-8081-A5B0D154BEE6}"
EndProject
Project("{2150E333-8FDC-42A3-9474-1A3956D46DE8}") = "Notification", "Notification", "{CE5AB553-A75C-4715-8047-73DD52B115E8}"
EndProject
Global
	GlobalSection(SolutionProperties) = preSolution
		HideSolutionNode = FALSE
	EndGlobalSection
	GlobalSection(NestedProjects) = preSolution
		{18018145-7CC9-458F-9CED-A99DC1F40724} = {02EA681E-C7D8-13C7-8484-4AC65E1B71E8}
		{BBE28BAA-3A7F-4374-943E-86DD0064C35D} = {02EA681E-C7D8-13C7-8484-4AC65E1B71E8}
		{D1325941-3B1E-488C-910B-EC3FE0A0A1B0} = {311FF63A-105A-440A-B8A0-DB1923980BA9}
		{A65EBA3F-97AF-46DF-9A0D-807F20BF38C5} = {311FF63A-105A-440A-B8A0-DB1923980BA9}
		{68DC5926-370F-48B2-8081-A5B0D154BEE6} = {311FF63A-105A-440A-B8A0-DB1923980BA9}
		{CE5AB553-A75C-4715-8047-73DD52B115E8} = {311FF63A-105A-440A-B8A0-DB1923980BA9}
	EndGlobalSection
	GlobalSection(ExtensibilityGlobals) = postSolution
		SolutionGuid = {92B403B9-39CE-439E-9F56-5ADB47BB2674}
	EndGlobalSection
EndGlobal
